{
    "_readme": [
        "This file locks the dependencies of your project to a known state",
        "Read more about it at https://getcomposer.org/doc/01-basic-usage.md#composer-lock-the-lock-file",
        "This file is @generated automatically"
    ],
    "content-hash": "3a526c6a5d33715016889b4430d0bbc8",
    "packages": [],
    "packages-dev": [],
    "aliases": [],
    "minimum-stability": "stable",
    "stability-flags": [],
    "prefer-stable": false,
    "prefer-lowest": false,
    "platform": {
        "php": ">=5.3.0",
        "ext-curl": "*",
        "ext-bcmath": "*",
        "ext-calendar": "*",
        "ext-json": "*",
        "ext-mbstring": "*",
        "ext-pdo": "*",
        "ext-pdo_firebird": "*"
    },
    "platform-dev": []
}
